
Microsoft Visual Studio Solution File, Format Version 12.00
# Visual Studio Version 17
VisualStudioVersion = 17.9.34701.34
MinimumVisualStudioVersion = 10.0.40219.1
Project("{FAE04EC0-301F-11D3-BF4B-00C04F79EFBC}") = "Connection_Sql_Server", "Connection_Sql_Server\Connection_Sql_Server.csproj", "{F1E67ACE-9156-4F6B-8D81-BEA406942F7F}"
EndProject
Global
	GlobalSection(SolutionConfigurationPlatforms) = preSolution
		Debug|Any CPU = Debug|Any CPU
		Release|Any CPU = Release|Any CPU
	EndGlobalSection
	GlobalSection(ProjectConfigurationPlatforms) = postSolution
		{F1E67ACE-9156-4F6B-8D81-BEA406942F7F}.Debug|Any CPU.ActiveCfg = Debug|Any CPU
		{F1E67ACE-9156-4F6B-8D81-BEA406942F7F}.Debug|Any CPU.Build.0 = Debug|Any CPU
		{F1E67ACE-9156-4F6B-8D81-BEA406942F7F}.Release|Any CPU.ActiveCfg = Release|Any CPU
		{F1E67ACE-9156-4F6B-8D81-BEA406942F7F}.Release|Any CPU.Build.0 = Release|Any CPU
	EndGlobalSection
	GlobalSection(SolutionProperties) = preSolution
		HideSolutionNode = FALSE
	EndGlobalSection
	GlobalSection(ExtensibilityGlobals) = postSolution
		SolutionGuid = {766787D9-6CCA-49AF-A498-5CF0842C9E4A}
	EndGlobalSection
EndGlobal
