
Microsoft Visual Studio Solution File, Format Version 12.00
# Visual Studio Version 17
VisualStudioVersion = 17.6.33829.357
MinimumVisualStudioVersion = 10.0.40219.1
Project("{FAE04EC0-301F-11D3-BF4B-00C04F79EFBC}") = "Test_03", "Test_03.csproj", "{6FE8022D-AED6-42EB-808A-E14C390FB317}"
EndProject
Global
	GlobalSection(SolutionConfigurationPlatforms) = preSolution
		Debug|Any CPU = Debug|Any CPU
		Release|Any CPU = Release|Any CPU
	EndGlobalSection
	GlobalSection(ProjectConfigurationPlatforms) = postSolution
		{6FE8022D-AED6-42EB-808A-E14C390FB317}.Debug|Any CPU.ActiveCfg = Debug|Any CPU
		{6FE8022D-AED6-42EB-808A-E14C390FB317}.Debug|Any CPU.Build.0 = Debug|Any CPU
		{6FE8022D-AED6-42EB-808A-E14C390FB317}.Release|Any CPU.ActiveCfg = Release|Any CPU
		{6FE8022D-AED6-42EB-808A-E14C390FB317}.Release|Any CPU.Build.0 = Release|Any CPU
	EndGlobalSection
	GlobalSection(SolutionProperties) = preSolution
		HideSolutionNode = FALSE
	EndGlobalSection
	GlobalSection(ExtensibilityGlobals) = postSolution
		SolutionGuid = {D8B5313F-9A7D-4F08-BE5C-FDA41EA1BB5E}
	EndGlobalSection
EndGlobal
