
Microsoft Visual Studio Solution File, Format Version 12.00
# Visual Studio Version 17
VisualStudioVersion = 17.6.33829.357
MinimumVisualStudioVersion = 10.0.40219.1
Project("{FAE04EC0-301F-11D3-BF4B-00C04F79EFBC}") = "Test_1", "Test_1.csproj", "{67D3BA19-32AF-47A6-95FC-06D9C58FA429}"
EndProject
Global
	GlobalSection(SolutionConfigurationPlatforms) = preSolution
		Debug|Any CPU = Debug|Any CPU
		Release|Any CPU = Release|Any CPU
	EndGlobalSection
	GlobalSection(ProjectConfigurationPlatforms) = postSolution
		{67D3BA19-32AF-47A6-95FC-06D9C58FA429}.Debug|Any CPU.ActiveCfg = Debug|Any CPU
		{67D3BA19-32AF-47A6-95FC-06D9C58FA429}.Debug|Any CPU.Build.0 = Debug|Any CPU
		{67D3BA19-32AF-47A6-95FC-06D9C58FA429}.Release|Any CPU.ActiveCfg = Release|Any CPU
		{67D3BA19-32AF-47A6-95FC-06D9C58FA429}.Release|Any CPU.Build.0 = Release|Any CPU
	EndGlobalSection
	GlobalSection(SolutionProperties) = preSolution
		HideSolutionNode = FALSE
	EndGlobalSection
	GlobalSection(ExtensibilityGlobals) = postSolution
		SolutionGuid = {296B5499-7BAD-43A3-B43E-13E32270EED9}
	EndGlobalSection
EndGlobal
